<?xml version="1.0" encoding="utf-8"?>
<Project ToolsVersion="4.0" xmlns="http://schemas.microsoft.com/developer/msbuild/2003">
  <ItemGroup>
    <Filter Include="源文件">
      <UniqueIdentifier>{4FC737F1-C7A5-4376-A066-2A32D752A2FF}</UniqueIdentifier>
      <Extensions>cpp;c;cc;cxx;def;odl;idl;hpj;bat;asm;asmx</Extensions>
    </Filter>
    <Filter Include="头文件">
      <UniqueIdentifier>{93995380-89BD-4b04-88EB-625FBE52EBFB}</UniqueIdentifier>
      <Extensions>h;hpp;hxx;hm;inl;inc;xsd</Extensions>
    </Filter>
    <Filter Include="资源文件">
      <UniqueIdentifier>{67DA6AB6-F800-4c08-8B7A-83BB121AAD01}</UniqueIdentifier>
      <Extensions>rc;ico;cur;bmp;dlg;rc2;rct;bin;rgs;gif;jpg;jpeg;jpe;resx;tiff;tif;png;wav;mfcribbon-ms</Extensions>
    </Filter>
    <Filter Include="NET">
      <UniqueIdentifier>{be5b6ae2-9142-4908-b8b6-90837f6cb9d1}</UniqueIdentifier>
    </Filter>
    <Filter Include="Kernel">
      <UniqueIdentifier>{2e8ef7eb-5824-40f6-b618-58557d986ff4}</UniqueIdentifier>
    </Filter>
    <Filter Include="PACKDEF">
      <UniqueIdentifier>{990a804f-20ff-40d1-98aa-8e9c10336fe5}</UniqueIdentifier>
    </Filter>
  </ItemGroup>
  <ItemGroup>
    <Text Include="ReadMe.txt" />
  </ItemGroup>
  <ItemGroup>
    <ClInclude Include="RegistrationSystem_PatientClient.h">
      <Filter>头文件</Filter>
    </ClInclude>
    <ClInclude Include="RegistrationSystem_PatientClientDlg.h">
      <Filter>头文件</Filter>
    </ClInclude>
    <ClInclude Include="stdafx.h">
      <Filter>头文件</Filter>
    </ClInclude>
    <ClInclude Include="targetver.h">
      <Filter>头文件</Filter>
    </ClInclude>
    <ClInclude Include="Resource.h">
      <Filter>头文件</Filter>
    </ClInclude>
    <ClInclude Include="MyTabCtl.h">
      <Filter>头文件</Filter>
    </ClInclude>
    <ClInclude Include="OffToDoc.h">
      <Filter>头文件</Filter>
    </ClInclude>
    <ClInclude Include="DocToOff.h">
      <Filter>头文件</Filter>
    </ClInclude>
    <ClInclude Include="..\Net\INet.h">
      <Filter>NET</Filter>
    </ClInclude>
    <ClInclude Include="..\Net\TCPNet.h">
      <Filter>NET</Filter>
    </ClInclude>
    <ClInclude Include="..\Kernel\IKernel.h">
      <Filter>Kernel</Filter>
    </ClInclude>
    <ClInclude Include="..\Kernel\TCPKernel.h">
      <Filter>Kernel</Filter>
    </ClInclude>
    <ClInclude Include="..\Packdef\packdef.h">
      <Filter>PACKDEF</Filter>
    </ClInclude>
    <ClInclude Include="Login.h">
      <Filter>头文件</Filter>
    </ClInclude>
  </ItemGroup>
  <ItemGroup>
    <ClCompile Include="RegistrationSystem_PatientClient.cpp">
      <Filter>源文件</Filter>
    </ClCompile>
    <ClCompile Include="RegistrationSystem_PatientClientDlg.cpp">
      <Filter>源文件</Filter>
    </ClCompile>
    <ClCompile Include="stdafx.cpp">
      <Filter>源文件</Filter>
    </ClCompile>
    <ClCompile Include="MyTabCtl.cpp">
      <Filter>源文件</Filter>
    </ClCompile>
    <ClCompile Include="OffToDoc.cpp">
      <Filter>源文件</Filter>
    </ClCompile>
    <ClCompile Include="DocToOff.cpp">
      <Filter>源文件</Filter>
    </ClCompile>
    <ClCompile Include="..\Net\TCPNet.cpp">
      <Filter>NET</Filter>
    </ClCompile>
    <ClCompile Include="..\Kernel\TCPKernel.cpp">
      <Filter>Kernel</Filter>
    </ClCompile>
    <ClCompile Include="Login.cpp">
      <Filter>源文件</Filter>
    </ClCompile>
  </ItemGroup>
  <ItemGroup>
    <ResourceCompile Include="RegistrationSystem_PatientClient.rc">
      <Filter>资源文件</Filter>
    </ResourceCompile>
  </ItemGroup>
  <ItemGroup>
    <None Include="res\RegistrationSystem_PatientClient.rc2">
      <Filter>资源文件</Filter>
    </None>
  </ItemGroup>
  <ItemGroup>
    <Image Include="res\RegistrationSystem_PatientClient.ico">
      <Filter>资源文件</Filter>
    </Image>
  </ItemGroup>
</Project>