
Microsoft Visual Studio Solution File, Format Version 12.00
# Visual Studio 2012
Project("{8BC9CEB8-8B4A-11D0-8D11-00A0C91BC942}") = "RegistrationSystem_DoctorClient", "RegistrationSystem_DoctorClient\RegistrationSystem_DoctorClient.vcxproj", "{C9334B09-48FD-40C5-825E-8C9BB5119FC7}"
EndProject
Global
	GlobalSection(SolutionConfigurationPlatforms) = preSolution
		Debug|Win32 = Debug|Win32
		Release|Win32 = Release|Win32
	EndGlobalSection
	GlobalSection(ProjectConfigurationPlatforms) = postSolution
		{C9334B09-48FD-40C5-825E-8C9BB5119FC7}.Debug|Win32.ActiveCfg = Debug|Win32
		{C9334B09-48FD-40C5-825E-8C9BB5119FC7}.Debug|Win32.Build.0 = Debug|Win32
		{C9334B09-48FD-40C5-825E-8C9BB5119FC7}.Release|Win32.ActiveCfg = Release|Win32
		{C9334B09-48FD-40C5-825E-8C9BB5119FC7}.Release|Win32.Build.0 = Release|Win32
	EndGlobalSection
	GlobalSection(SolutionProperties) = preSolution
		HideSolutionNode = FALSE
	EndGlobalSection
EndGlobal
